// !$*UTF8*$!
{
	archiveVersion = 1;
	classes = {
	};
	objectVersion = 46;
	objects = {

/* Begin PBXBuildFile section */
		6B88244B1EF862DE00A1203A /* main.m in Sources */ = {isa = PBXBuildFile; fileRef = 6B88244A1EF862DE00A1203A /* main.m */; };
		6B88244E1EF862DE00A1203A /* AppDelegate.m in Sources */ = {isa = PBXBuildFile; fileRef = 6B88244D1EF862DE00A1203A /* AppDelegate.m */; };
		6B8824541EF862DE00A1203A /* Main.storyboard in Resources */ = {isa = PBXBuildFile; fileRef = 6B8824521EF862DE00A1203A /* Main.storyboard */; };
		6B8824561EF862DE00A1203A /* Assets.xcassets in Resources */ = {isa = PBXBuildFile; fileRef = 6B8824551EF862DE00A1203A /* Assets.xcassets */; };
		6B8824591EF862DE00A1203A /* LaunchScreen.storyboard in Resources */ = {isa = PBXBuildFile; fileRef = 6B8824571EF862DE00A1203A /* LaunchScreen.storyboard */; };
		6B8824641EF862DE00A1203A /* Journal_ObjCUITests.m in Sources */ = {isa = PBXBuildFile; fileRef = 6B8824631EF862DE00A1203A /* Journal_ObjCUITests.m */; };
		6B8824781EF863D300A1203A /* BPGEntry.m in Sources */ = {isa = PBXBuildFile; fileRef = 6B8824771EF863D300A1203A /* BPGEntry.m */; };
		6B88247E1EF865FE00A1203A /* BPGEntryController.m in Sources */ = {isa = PBXBuildFile; fileRef = 6B88247D1EF865FE00A1203A /* BPGEntryController.m */; };
/* End PBXBuildFile section */

/* Begin PBXContainerItemProxy section */
		6B8824601EF862DE00A1203A /* PBXContainerItemProxy */ = {
			isa = PBXContainerItemProxy;
			containerPortal = 6B88243E1EF862DE00A1203A /* Project object */;
			proxyType = 1;
			remoteGlobalIDString = 6B8824451EF862DE00A1203A;
			remoteInfo = Journal_ObjC;
		};
/* End PBXContainerItemProxy section */

/* Begin PBXFileReference section */
		6B8824461EF862DE00A1203A /* Journal_ObjC.app */ = {isa = PBXFileReference; explicitFileType = wrapper.application; includeInIndex = 0; path = Journal_ObjC.app; sourceTree = BUILT_PRODUCTS_DIR; };
		6B88244A1EF862DE00A1203A /* main.m */ = {isa = PBXFileReference; lastKnownFileType = sourcecode.c.objc; path = main.m; sourceTree = "<group>"; };
		6B88244C1EF862DE00A1203A /* AppDelegate.h */ = {isa = PBXFileReference; lastKnownFileType = sourcecode.c.h; path = AppDelegate.h; sourceTree = "<group>"; };
		6B88244D1EF862DE00A1203A /* AppDelegate.m */ = {isa = PBXFileReference; lastKnownFileType = sourcecode.c.objc; path = AppDelegate.m; sourceTree = "<group>"; };
		6B8824531EF862DE00A1203A /* Base */ = {isa = PBXFileReference; lastKnownFileType = file.storyboard; name = Base; path = Base.lproj/Main.storyboard; sourceTree = "<group>"; };
		6B8824551EF862DE00A1203A /* Assets.xcassets */ = {isa = PBXFileReference; lastKnownFileType = folder.assetcatalog; path = Assets.xcassets; sourceTree = "<group>"; };
		6B8824581EF862DE00A1203A /* Base */ = {isa = PBXFileReference; lastKnownFileType = file.storyboard; name = Base; path = Base.lproj/LaunchScreen.storyboard; sourceTree = "<group>"; };
		6B88245A1EF862DE00A1203A /* Info.plist */ = {isa = PBXFileReference; lastKnownFileType = text.plist.xml; path = Info.plist; sourceTree = "<group>"; };
		6B88245F1EF862DE00A1203A /* Journal_ObjCUITests.xctest */ = {isa = PBXFileReference; explicitFileType = wrapper.cfbundle; includeInIndex = 0; path = Journal_ObjCUITests.xctest; sourceTree = BUILT_PRODUCTS_DIR; };
		6B8824631EF862DE00A1203A /* Journal_ObjCUITests.m */ = {isa = PBXFileReference; lastKnownFileType = sourcecode.c.objc; path = Journal_ObjCUITests.m; sourceTree = "<group>"; };
		6B8824651EF862DE00A1203A /* Info.plist */ = {isa = PBXFileReference; lastKnownFileType = text.plist.xml; path = Info.plist; sourceTree = "<group>"; };
		6B8824761EF863D300A1203A /* BPGEntry.h */ = {isa = PBXFileReference; fileEncoding = 4; lastKnownFileType = sourcecode.c.h; path = BPGEntry.h; sourceTree = "<group>"; };
		6B8824771EF863D300A1203A /* BPGEntry.m */ = {isa = PBXFileReference; fileEncoding = 4; lastKnownFileType = sourcecode.c.objc; path = BPGEntry.m; sourceTree = "<group>"; };
		6B88247C1EF865FE00A1203A /* BPGEntryController.h */ = {isa = PBXFileReference; fileEncoding = 4; lastKnownFileType = sourcecode.c.h; path = BPGEntryController.h; sourceTree = "<group>"; };
		6B88247D1EF865FE00A1203A /* BPGEntryController.m */ = {isa = PBXFileReference; fileEncoding = 4; lastKnownFileType = sourcecode.c.objc; path = BPGEntryController.m; sourceTree = "<group>"; };
/* End PBXFileReference section */

/* Begin PBXFrameworksBuildPhase section */
		6B8824431EF862DE00A1203A /* Frameworks */ = {
			isa = PBXFrameworksBuildPhase;
			buildActionMask = 2147483647;
			files = (
			);
			runOnlyForDeploymentPostprocessing = 0;
		};
		6B88245C1EF862DE00A1203A /* Frameworks */ = {
			isa = PBXFrameworksBuildPhase;
			buildActionMask = 2147483647;
			files = (
			);
			runOnlyForDeploymentPostprocessing = 0;
		};
/* End PBXFrameworksBuildPhase section */

/* Begin PBXGroup section */
		6B88243D1EF862DE00A1203A = {
			isa = PBXGroup;
			children = (
				6B8824481EF862DE00A1203A /* Journal_ObjC */,
				6B8824621EF862DE00A1203A /* Journal_ObjCUITests */,
				6B8824471EF862DE00A1203A /* Products */,
			);
			sourceTree = "<group>";
		};
		6B8824471EF862DE00A1203A /* Products */ = {
			isa = PBXGroup;
			children = (
				6B8824461EF862DE00A1203A /* Journal_ObjC.app */,
				6B88245F1EF862DE00A1203A /* Journal_ObjCUITests.xctest */,
			);
			name = Products;
			sourceTree = "<group>";
		};
		6B8824481EF862DE00A1203A /* Journal_ObjC */ = {
			isa = PBXGroup;
			children = (
				6B88244C1EF862DE00A1203A /* AppDelegate.h */,
				6B88244D1EF862DE00A1203A /* AppDelegate.m */,
				6B8824721EF8630D00A1203A /* ModelControllers */,
				6B8824711EF8630600A1203A /* Models */,
				6B8824701EF862FF00A1203A /* ViewControllers */,
				6B88246E1EF862EA00A1203A /* Resources */,
				6B8824491EF862DE00A1203A /* Supporting Files */,
			);
			path = Journal_ObjC;
			sourceTree = "<group>";
		};
		6B8824491EF862DE00A1203A /* Supporting Files */ = {
			isa = PBXGroup;
			children = (
				6B88244A1EF862DE00A1203A /* main.m */,
			);
			name = "Supporting Files";
			sourceTree = "<group>";
		};
		6B8824621EF862DE00A1203A /* Journal_ObjCUITests */ = {
			isa = PBXGroup;
			children = (
				6B8824631EF862DE00A1203A /* Journal_ObjCUITests.m */,
				6B8824651EF862DE00A1203A /* Info.plist */,
			);
			path = Journal_ObjCUITests;
			sourceTree = "<group>";
		};
		6B88246E1EF862EA00A1203A /* Resources */ = {
			isa = PBXGroup;
			children = (
				6B88246F1EF862F500A1203A /* Storyboards */,
				6B8824551EF862DE00A1203A /* Assets.xcassets */,
				6B8824571EF862DE00A1203A /* LaunchScreen.storyboard */,
				6B88245A1EF862DE00A1203A /* Info.plist */,
			);
			name = Resources;
			sourceTree = "<group>";
		};
		6B88246F1EF862F500A1203A /* Storyboards */ = {
			isa = PBXGroup;
			children = (
				6B8824521EF862DE00A1203A /* Main.storyboard */,
			);
			name = Storyboards;
			sourceTree = "<group>";
		};
		6B8824701EF862FF00A1203A /* ViewControllers */ = {
			isa = PBXGroup;
			children = (
			);
			name = ViewControllers;
			sourceTree = "<group>";
		};
		6B8824711EF8630600A1203A /* Models */ = {
			isa = PBXGroup;
			children = (
				6B8824761EF863D300A1203A /* BPGEntry.h */,
				6B8824771EF863D300A1203A /* BPGEntry.m */,
			);
			name = Models;
			sourceTree = "<group>";
		};
		6B8824721EF8630D00A1203A /* ModelControllers */ = {
			isa = PBXGroup;
			children = (
				6B88247C1EF865FE00A1203A /* BPGEntryController.h */,
				6B88247D1EF865FE00A1203A /* BPGEntryController.m */,
			);
			name = ModelControllers;
			sourceTree = "<group>";
		};
/* End PBXGroup section */

/* Begin PBXNativeTarget section */
		6B8824451EF862DE00A1203A /* Journal_ObjC */ = {
			isa = PBXNativeTarget;
			buildConfigurationList = 6B8824681EF862DE00A1203A /* Build configuration list for PBXNativeTarget "Journal_ObjC" */;
			buildPhases = (
				6B8824421EF862DE00A1203A /* Sources */,
				6B8824431EF862DE00A1203A /* Frameworks */,
				6B8824441EF862DE00A1203A /* Resources */,
			);
			buildRules = (
			);
			dependencies = (
			);
			name = Journal_ObjC;
			productName = Journal_ObjC;
			productReference = 6B8824461EF862DE00A1203A /* Journal_ObjC.app */;
			productType = "com.apple.product-type.application";
		};
		6B88245E1EF862DE00A1203A /* Journal_ObjCUITests */ = {
			isa = PBXNativeTarget;
			buildConfigurationList = 6B88246B1EF862DE00A1203A /* Build configuration list for PBXNativeTarget "Journal_ObjCUITests" */;
			buildPhases = (
				6B88245B1EF862DE00A1203A /* Sources */,
				6B88245C1EF862DE00A1203A /* Frameworks */,
				6B88245D1EF862DE00A1203A /* Resources */,
			);
			buildRules = (
			);
			dependencies = (
				6B8824611EF862DE00A1203A /* PBXTargetDependency */,
			);
			name = Journal_ObjCUITests;
			productName = Journal_ObjCUITests;
			productReference = 6B88245F1EF862DE00A1203A /* Journal_ObjCUITests.xctest */;
			productType = "com.apple.product-type.bundle.ui-testing";
		};
/* End PBXNativeTarget section */

/* Begin PBXProject section */
		6B88243E1EF862DE00A1203A /* Project object */ = {
			isa = PBXProject;
			attributes = {
				LastUpgradeCheck = 0830;
				ORGANIZATIONNAME = "Bradley Gilmore";
				TargetAttributes = {
					6B8824451EF862DE00A1203A = {
						CreatedOnToolsVersion = 8.3.3;
						DevelopmentTeam = N8EMAYLL43;
						ProvisioningStyle = Automatic;
					};
					6B88245E1EF862DE00A1203A = {
						CreatedOnToolsVersion = 8.3.3;
						DevelopmentTeam = N8EMAYLL43;
						ProvisioningStyle = Automatic;
						TestTargetID = 6B8824451EF862DE00A1203A;
					};
				};
			};
			buildConfigurationList = 6B8824411EF862DE00A1203A /* Build configuration list for PBXProject "Journal_ObjC" */;
			compatibilityVersion = "Xcode 3.2";
			developmentRegion = English;
			hasScannedForEncodings = 0;
			knownRegions = (
				en,
				Base,
			);
			mainGroup = 6B88243D1EF862DE00A1203A;
			productRefGroup = 6B8824471EF862DE00A1203A /* Products */;
			projectDirPath = "";
			projectRoot = "";
			targets = (
				6B8824451EF862DE00A1203A /* Journal_ObjC */,
				6B88245E1EF862DE00A1203A /* Journal_ObjCUITests */,
			);
		};
/* End PBXProject section */

/* Begin PBXResourcesBuildPhase section */
		6B8824441EF862DE00A1203A /* Resources */ = {
			isa = PBXResourcesBuildPhase;
			buildActionMask = 2147483647;
			files = (
				6B8824591EF862DE00A1203A /* LaunchScreen.storyboard in Resources */,
				6B8824561EF862DE00A1203A /* Assets.xcassets in Resources */,
				6B8824541EF862DE00A1203A /* Main.storyboard in Resources */,
			);
			runOnlyForDeploymentPostprocessing = 0;
		};
		6B88245D1EF862DE00A1203A /* Resources */ = {
			isa = PBXResourcesBuildPhase;
			buildActionMask = 2147483647;
			files = (
			);
			runOnlyForDeploymentPostprocessing = 0;
		};
/* End PBXResourcesBuildPhase section */

/* Begin PBXSourcesBuildPhase section */
		6B8824421EF862DE00A1203A /* Sources */ = {
			isa = PBXSourcesBuildPhase;
			buildActionMask = 2147483647;
			files = (
				6B88244E1EF862DE00A1203A /* AppDelegate.m in Sources */,
				6B8824781EF863D300A1203A /* BPGEntry.m in Sources */,
				6B88247E1EF865FE00A1203A /* BPGEntryController.m in Sources */,
				6B88244B1EF862DE00A1203A /* main.m in Sources */,
			);
			runOnlyForDeploymentPostprocessing = 0;
		};
		6B88245B1EF862DE00A1203A /* Sources */ = {
			isa = PBXSourcesBuildPhase;
			buildActionMask = 2147483647;
			files = (
				6B8824641EF862DE00A1203A /* Journal_ObjCUITests.m in Sources */,
			);
			runOnlyForDeploymentPostprocessing = 0;
		};
/* End PBXSourcesBuildPhase section */

/* Begin PBXTargetDependency section */
		6B8824611EF862DE00A1203A /* PBXTargetDependency */ = {
			isa = PBXTargetDependency;
			target = 6B8824451EF862DE00A1203A /* Journal_ObjC */;
			targetProxy = 6B8824601EF862DE00A1203A /* PBXContainerItemProxy */;
		};
/* End PBXTargetDependency section */

/* Begin PBXVariantGroup section */
		6B8824521EF862DE00A1203A /* Main.storyboard */ = {
			isa = PBXVariantGroup;
			children = (
				6B8824531EF862DE00A1203A /* Base */,
			);
			name = Main.storyboard;
			sourceTree = "<group>";
		};
		6B8824571EF862DE00A1203A /* LaunchScreen.storyboard */ = {
			isa = PBXVariantGroup;
			children = (
				6B8824581EF862DE00A1203A /* Base */,
			);
			name = LaunchScreen.storyboard;
			sourceTree = "<group>";
		};
/* End PBXVariantGroup section */

/* Begin XCBuildConfiguration section */
		6B8824661EF862DE00A1203A /* Debug */ = {
			isa = XCBuildConfiguration;
			buildSettings = {
				ALWAYS_SEARCH_USER_PATHS = NO;
				CLANG_ANALYZER_NONNULL = YES;
				CLANG_ANALYZER_NUMBER_OBJECT_CONVERSION = YES_AGGRESSIVE;
				CLANG_CXX_LANGUAGE_STANDARD = "gnu++0x";
				CLANG_CXX_LIBRARY = "libc++";
				CLANG_ENABLE_MODULES = YES;
				CLANG_ENABLE_OBJC_ARC = YES;
				CLANG_WARN_BOOL_CONVERSION = YES;
				CLANG_WARN_CONSTANT_CONVERSION = YES;
				CLANG_WARN_DIRECT_OBJC_ISA_USAGE = YES_ERROR;
				CLANG_WARN_DOCUMENTATION_COMMENTS = YES;
				CLANG_WARN_EMPTY_BODY = YES;
				CLANG_WARN_ENUM_CONVERSION = YES;
				CLANG_WARN_INFINITE_RECURSION = YES;
				CLANG_WARN_INT_CONVERSION = YES;
				CLANG_WARN_OBJC_ROOT_CLASS = YES_ERROR;
				CLANG_WARN_SUSPICIOUS_MOVE = YES;
				CLANG_WARN_UNREACHABLE_CODE = YES;
				CLANG_WARN__DUPLICATE_METHOD_MATCH = YES;
				"CODE_SIGN_IDENTITY[sdk=iphoneos*]" = "iPhone Developer";
				COPY_PHASE_STRIP = NO;
				DEBUG_INFORMATION_FORMAT = dwarf;
				ENABLE_STRICT_OBJC_MSGSEND = YES;
				ENABLE_TESTABILITY = YES;
				GCC_C_LANGUAGE_STANDARD = gnu99;
				GCC_DYNAMIC_NO_PIC = NO;
				GCC_NO_COMMON_BLOCKS = YES;
				GCC_OPTIMIZATION_LEVEL = 0;
				GCC_PREPROCESSOR_DEFINITIONS = (
					"DEBUG=1",
					"$(inherited)",
				);
				GCC_WARN_64_TO_32_BIT_CONVERSION = YES;
				GCC_WARN_ABOUT_RETURN_TYPE = YES_ERROR;
				GCC_WARN_UNDECLARED_SELECTOR = YES;
				GCC_WARN_UNINITIALIZED_AUTOS = YES_AGGRESSIVE;
				GCC_WARN_UNUSED_FUNCTION = YES;
				GCC_WARN_UNUSED_VARIABLE = YES;
				IPHONEOS_DEPLOYMENT_TARGET = 10.3;
				MTL_ENABLE_DEBUG_INFO = YES;
				ONLY_ACTIVE_ARCH = YES;
				SDKROOT = iphoneos;
			};
			name = Debug;
		};
		6B8824671EF862DE00A1203A /* Release */ = {
			isa = XCBuildConfiguration;
			buildSettings = {
				ALWAYS_SEARCH_USER_PATHS = NO;
				CLANG_ANALYZER_NONNULL = YES;
				CLANG_ANALYZER_NUMBER_OBJECT_CONVERSION = YES_AGGRESSIVE;
				CLANG_CXX_LANGUAGE_STANDARD = "gnu++0x";
				CLANG_CXX_LIBRARY = "libc++";
				CLANG_ENABLE_MODULES = YES;
				CLANG_ENABLE_OBJC_ARC = YES;
				CLANG_WARN_BOOL_CONVERSION = YES;
				CLANG_WARN_CONSTANT_CONVERSION = YES;
				CLANG_WARN_DIRECT_OBJC_ISA_USAGE = YES_ERROR;
				CLANG_WARN_DOCUMENTATION_COMMENTS = YES;
				CLANG_WARN_EMPTY_BODY = YES;
				CLANG_WARN_ENUM_CONVERSION = YES;
				CLANG_WARN_INFINITE_RECURSION = YES;
				CLANG_WARN_INT_CONVERSION = YES;
				CLANG_WARN_OBJC_ROOT_CLASS = YES_ERROR;
				CLANG_WARN_SUSPICIOUS_MOVE = YES;
				CLANG_WARN_UNREACHABLE_CODE = YES;
				CLANG_WARN__DUPLICATE_METHOD_MATCH = YES;
				"CODE_SIGN_IDENTITY[sdk=iphoneos*]" = "iPhone Developer";
				COPY_PHASE_STRIP = NO;
				DEBUG_INFORMATION_FORMAT = "dwarf-with-dsym";
				ENABLE_NS_ASSERTIONS = NO;
				ENABLE_STRICT_OBJC_MSGSEND = YES;
				GCC_C_LANGUAGE_STANDARD = gnu99;
				GCC_NO_COMMON_BLOCKS = YES;
				GCC_WARN_64_TO_32_BIT_CONVERSION = YES;
				GCC_WARN_ABOUT_RETURN_TYPE = YES_ERROR;
				GCC_WARN_UNDECLARED_SELECTOR = YES;
				GCC_WARN_UNINITIALIZED_AUTOS = YES_AGGRESSIVE;
				GCC_WARN_UNUSED_FUNCTION = YES;
				GCC_WARN_UNUSED_VARIABLE = YES;
				IPHONEOS_DEPLOYMENT_TARGET = 10.3;
				MTL_ENABLE_DEBUG_INFO = NO;
				SDKROOT = iphoneos;
				VALIDATE_PRODUCT = YES;
			};
			name = Release;
		};
		6B8824691EF862DE00A1203A /* Debug */ = {
			isa = XCBuildConfiguration;
			buildSettings = {
				ASSETCATALOG_COMPILER_APPICON_NAME = AppIcon;
				DEVELOPMENT_TEAM = N8EMAYLL43;
				INFOPLIST_FILE = Journal_ObjC/Info.plist;
				LD_RUNPATH_SEARCH_PATHS = "$(inherited) @executable_path/Frameworks";
				PRODUCT_BUNDLE_IDENTIFIER = "com.bradleygilmore.Journal-ObjC";
				PRODUCT_NAME = "$(TARGET_NAME)";
			};
			name = Debug;
		};
		6B88246A1EF862DE00A1203A /* Release */ = {
			isa = XCBuildConfiguration;
			buildSettings = {
				ASSETCATALOG_COMPILER_APPICON_NAME = AppIcon;
				DEVELOPMENT_TEAM = N8EMAYLL43;
				INFOPLIST_FILE = Journal_ObjC/Info.plist;
				LD_RUNPATH_SEARCH_PATHS = "$(inherited) @executable_path/Frameworks";
				PRODUCT_BUNDLE_IDENTIFIER = "com.bradleygilmore.Journal-ObjC";
				PRODUCT_NAME = "$(TARGET_NAME)";
			};
			name = Release;
		};
		6B88246C1EF862DE00A1203A /* Debug */ = {
			isa = XCBuildConfiguration;
			buildSettings = {
				DEVELOPMENT_TEAM = N8EMAYLL43;
				INFOPLIST_FILE = Journal_ObjCUITests/Info.plist;
				LD_RUNPATH_SEARCH_PATHS = "$(inherited) @executable_path/Frameworks @loader_path/Frameworks";
				PRODUCT_BUNDLE_IDENTIFIER = "com.bradleygilmore.Journal-ObjCUITests";
				PRODUCT_NAME = "$(TARGET_NAME)";
				TEST_TARGET_NAME = Journal_ObjC;
			};
			name = Debug;
		};
		6B88246D1EF862DE00A1203A /* Release */ = {
			isa = XCBuildConfiguration;
			buildSettings = {
				DEVELOPMENT_TEAM = N8EMAYLL43;
				INFOPLIST_FILE = Journal_ObjCUITests/Info.plist;
				LD_RUNPATH_SEARCH_PATHS = "$(inherited) @executable_path/Frameworks @loader_path/Frameworks";
				PRODUCT_BUNDLE_IDENTIFIER = "com.bradleygilmore.Journal-ObjCUITests";
				PRODUCT_NAME = "$(TARGET_NAME)";
				TEST_TARGET_NAME = Journal_ObjC;
			};
			name = Release;
		};
/* End XCBuildConfiguration section */

/* Begin XCConfigurationList section */
		6B8824411EF862DE00A1203A /* Build configuration list for PBXProject "Journal_ObjC" */ = {
			isa = XCConfigurationList;
			buildConfigurations = (
				6B8824661EF862DE00A1203A /* Debug */,
				6B8824671EF862DE00A1203A /* Release */,
			);
			defaultConfigurationIsVisible = 0;
			defaultConfigurationName = Release;
		};
		6B8824681EF862DE00A1203A /* Build configuration list for PBXNativeTarget "Journal_ObjC" */ = {
			isa = XCConfigurationList;
			buildConfigurations = (
				6B8824691EF862DE00A1203A /* Debug */,
				6B88246A1EF862DE00A1203A /* Release */,
			);
			defaultConfigurationIsVisible = 0;
		};
		6B88246B1EF862DE00A1203A /* Build configuration list for PBXNativeTarget "Journal_ObjCUITests" */ = {
			isa = XCConfigurationList;
			buildConfigurations = (
				6B88246C1EF862DE00A1203A /* Debug */,
				6B88246D1EF862DE00A1203A /* Release */,
			);
			defaultConfigurationIsVisible = 0;
		};
/* End XCConfigurationList section */
	};
	rootObject = 6B88243E1EF862DE00A1203A /* Project object */;
}
